<?xml version="1.0" encoding="utf-8"?>
<Project ToolsVersion="4.0" xmlns="http://schemas.microsoft.com/developer/msbuild/2003">
  <ItemGroup>
    <Filter Include="CommonSource">
      <UniqueIdentifier>{4FC737F1-C7A5-4376-A066-2A32D752A2FF}</UniqueIdentifier>
      <Extensions>cpp;c;cc;cxx;def;odl;idl;hpj;bat;asm;asmx</Extensions>
    </Filter>
  </ItemGroup>
  <ItemGroup>
    <ClCompile Include="SourceCommon\ConsolColor.cpp">
      <Filter>CommonSource</Filter>
    </ClCompile>
    <ClCompile Include="SourceCommon\ConsolCursor.cpp">
      <Filter>CommonSource</Filter>
    </ClCompile>
    <ClCompile Include="SourceCommon\GetIPBeadRoll.cpp">
      <Filter>CommonSource</Filter>
    </ClCompile>
    <ClCompile Include="SourceCommon\NetWinUnixCompat.cpp">
      <Filter>CommonSource</Filter>
    </ClCompile>
    <ClCompile Include="SourceCommon\SelenaConfig.cpp">
      <Filter>CommonSource</Filter>
    </ClCompile>
    <ClCompile Include="SourceCommon\SelenaGlobal.cpp">
      <Filter>CommonSource</Filter>
    </ClCompile>
    <ClCompile Include="SourceCommon\SelenaSocket.cpp">
      <Filter>CommonSource</Filter>
    </ClCompile>
    <ClCompile Include="SourceCommon\SelenaSocketReadMessage.cpp">
      <Filter>CommonSource</Filter>
    </ClCompile>
    <ClCompile Include="SourceCommon\SelenaSocketWriteMessage.cpp">
      <Filter>CommonSource</Filter>
    </ClCompile>
    <ClCompile Include="SourceCommon\SelenaStrings.cpp">
      <Filter>CommonSource</Filter>
    </ClCompile>
    <ClCompile Include="SourceCommon\Stun.cpp">
      <Filter>CommonSource</Filter>
    </ClCompile>
    <ClCompile Include="SourceServer\SelenaServer.cpp" />
    <ClCompile Include="SourceServer\SelenaServerGlobal.cpp" />
    <ClCompile Include="SourceServer\SelenaServerHandler.cpp" />
    <ClCompile Include="SourceServer\SelenaServerReader.cpp" />
    <ClCompile Include="SourceServer\SelenaServerWriter.cpp" />
    <ClCompile Include="SourceCommon\DnsResolver.cpp">
      <Filter>CommonSource</Filter>
    </ClCompile>
    <ClCompile Include="SourceCommon\happyhttp.cpp">
      <Filter>CommonSource</Filter>
    </ClCompile>
    <ClCompile Include="SourceCommon\ConsolePrintManager.cpp">
      <Filter>CommonSource</Filter>
    </ClCompile>
    <ClCompile Include="SourceServer\SelenaServerComRecon.cpp" />
    <ClCompile Include="SourceServer\SelenaServerComInterrupt.cpp" />
    <ClCompile Include="SourceCommon\IpAddressTrawler.cpp">
      <Filter>CommonSource</Filter>
    </ClCompile>
  </ItemGroup>
  <ItemGroup>
    <ClInclude Include="SourceCommon\ConsolColor.h">
      <Filter>CommonSource</Filter>
    </ClInclude>
    <ClInclude Include="SourceCommon\GetIPBeadRoll.h">
      <Filter>CommonSource</Filter>
    </ClInclude>
    <ClInclude Include="SourceCommon\LibMasScan.h">
      <Filter>CommonSource</Filter>
    </ClInclude>
    <ClInclude Include="SourceCommon\NetWinUnixCompat.h">
      <Filter>CommonSource</Filter>
    </ClInclude>
    <ClInclude Include="SourceCommon\SelenaConfig.h">
      <Filter>CommonSource</Filter>
    </ClInclude>
    <ClInclude Include="SourceCommon\SelenaGlobal.h">
      <Filter>CommonSource</Filter>
    </ClInclude>
    <ClInclude Include="SourceCommon\SelenaJob.h">
      <Filter>CommonSource</Filter>
    </ClInclude>
    <ClInclude Include="SourceCommon\SelenaSafeMessage.h">
      <Filter>CommonSource</Filter>
    </ClInclude>
    <ClInclude Include="SourceCommon\SelenaSafeObject.h">
      <Filter>CommonSource</Filter>
    </ClInclude>
    <ClInclude Include="SourceCommon\SelenaSocket.h">
      <Filter>CommonSource</Filter>
    </ClInclude>
    <ClInclude Include="SourceCommon\SelenaStrings.h">
      <Filter>CommonSource</Filter>
    </ClInclude>
    <ClInclude Include="SourceCommon\SelenaThreads.h">
      <Filter>CommonSource</Filter>
    </ClInclude>
    <ClInclude Include="SourceCommon\Stun.h">
      <Filter>CommonSource</Filter>
    </ClInclude>
    <ClInclude Include="SourceCommon\StunMini.h">
      <Filter>CommonSource</Filter>
    </ClInclude>
    <ClInclude Include="SourceServer\SelenaServer.h" />
    <ClInclude Include="SourceServer\SelenaServerGlobal.h" />
    <ClInclude Include="SourceCommon\happyhttp.h">
      <Filter>CommonSource</Filter>
    </ClInclude>
    <ClInclude Include="SourceCommon\IpAddressTrawler.h">
      <Filter>CommonSource</Filter>
    </ClInclude>
  </ItemGroup>
  <ItemGroup>
    <None Include="SelenaClientLoc.cfg" />
    <None Include="SelenaClient.cfg" />
  </ItemGroup>
</Project>