<?xml version="1.0" encoding="utf-8"?>
<Project ToolsVersion="4.0" xmlns="http://schemas.microsoft.com/developer/msbuild/2003">
  <ItemGroup>
    <Filter Include="Source Files">
      <UniqueIdentifier>{4FC737F1-C7A5-4376-A066-2A32D752A2FF}</UniqueIdentifier>
      <Extensions>cpp;c;cc;cxx;def;odl;idl;hpj;bat;asm;asmx</Extensions>
    </Filter>
    <Filter Include="Resource Files">
      <UniqueIdentifier>{67DA6AB6-F800-4c08-8B7A-83BB121AAD01}</UniqueIdentifier>
      <Extensions>rc;ico;cur;bmp;dlg;rc2;rct;bin;rgs;gif;jpg;jpeg;jpe;resx;tiff;tif;png;wav;mfcribbon-ms</Extensions>
    </Filter>
    <Filter Include="Source Files\proto">
      <UniqueIdentifier>{fc470d2b-e741-496b-be6e-abf15f4e3573}</UniqueIdentifier>
    </Filter>
    <Filter Include="Source Files\output">
      <UniqueIdentifier>{3fbe0a31-7af3-4f28-a707-85577ab7be71}</UniqueIdentifier>
    </Filter>
    <Filter Include="Source Files\rawsock">
      <UniqueIdentifier>{8ca96e86-20f2-45b3-b1c4-ee9d90f5c6d8}</UniqueIdentifier>
    </Filter>
    <Filter Include="Source Files\misc">
      <UniqueIdentifier>{d429351b-2aea-4e6c-a887-c7fb9d6c38b5}</UniqueIdentifier>
    </Filter>
    <Filter Include="Source Files\pixie">
      <UniqueIdentifier>{cbd42363-ae71-4e2d-9633-0cb518d5e447}</UniqueIdentifier>
    </Filter>
    <Filter Include="Source Files\scripts">
      <UniqueIdentifier>{ba03c2ec-de65-4581-bef1-8e24f95a8580}</UniqueIdentifier>
    </Filter>
    <Filter Include="Source Files\crypto">
      <UniqueIdentifier>{59f7bc00-cf14-4114-8801-1c5e72255c29}</UniqueIdentifier>
    </Filter>
    <Filter Include="Source Files\CommonSource">
      <UniqueIdentifier>{7738eefa-1aa4-4683-9061-ef8091f28f2a}</UniqueIdentifier>
    </Filter>
  </ItemGroup>
  <ItemGroup>
    <ClCompile Include="..\src\main.cc">
      <Filter>Source Files</Filter>
    </ClCompile>
    <ClCompile Include="..\src\main-readrange.cc">
      <Filter>Source Files</Filter>
    </ClCompile>
    <ClCompile Include="..\src\main-status.cc">
      <Filter>Source Files</Filter>
    </ClCompile>
    <ClCompile Include="..\src\main-conf.cc">
      <Filter>Source Files</Filter>
    </ClCompile>
    <ClCompile Include="..\..\SourceCommon\DecodeCommandString.cc">
      <Filter>Source Files\CommonSource</Filter>
    </ClCompile>
    <ClCompile Include="..\..\SourceCommon\DnsRevers.cc">
      <Filter>Source Files\CommonSource</Filter>
    </ClCompile>
    <ClCompile Include="..\src\crypto-base64.cc">
      <Filter>Source Files\crypto</Filter>
    </ClCompile>
    <ClCompile Include="..\src\crypto-blackrock2.cc">
      <Filter>Source Files\crypto</Filter>
    </ClCompile>
    <ClCompile Include="..\src\rand-blackrock.cc">
      <Filter>Source Files\crypto</Filter>
    </ClCompile>
    <ClCompile Include="..\src\rand-lcg.cc">
      <Filter>Source Files\crypto</Filter>
    </ClCompile>
    <ClCompile Include="..\src\rand-primegen.cc">
      <Filter>Source Files\crypto</Filter>
    </ClCompile>
    <ClCompile Include="..\src\ranges.cc">
      <Filter>Source Files\crypto</Filter>
    </ClCompile>
    <ClCompile Include="..\src\siphash24.cc">
      <Filter>Source Files\crypto</Filter>
    </ClCompile>
    <ClCompile Include="..\src\syn-cookie.cc">
      <Filter>Source Files\crypto</Filter>
    </ClCompile>
    <ClCompile Include="..\src\event-timeout.cc">
      <Filter>Source Files\misc</Filter>
    </ClCompile>
    <ClCompile Include="..\src\logger.cc">
      <Filter>Source Files\misc</Filter>
    </ClCompile>
    <ClCompile Include="..\src\main-dedup.cc">
      <Filter>Source Files\misc</Filter>
    </ClCompile>
    <ClCompile Include="..\src\main-initadapter.cc">
      <Filter>Source Files\misc</Filter>
    </ClCompile>
    <ClCompile Include="..\src\main-listscan.cc">
      <Filter>Source Files\misc</Filter>
    </ClCompile>
    <ClCompile Include="..\src\main-ptrace.cc">
      <Filter>Source Files\misc</Filter>
    </ClCompile>
    <ClCompile Include="..\src\main-src.cc">
      <Filter>Source Files\misc</Filter>
    </ClCompile>
    <ClCompile Include="..\src\main-throttle.cc">
      <Filter>Source Files\misc</Filter>
    </ClCompile>
    <ClCompile Include="..\src\masscan-app.cc">
      <Filter>Source Files\misc</Filter>
    </ClCompile>
    <ClCompile Include="..\src\rte-ring.cc">
      <Filter>Source Files\misc</Filter>
    </ClCompile>
    <ClCompile Include="..\src\string_s.cc">
      <Filter>Source Files\misc</Filter>
    </ClCompile>
    <ClCompile Include="..\src\xring.cc">
      <Filter>Source Files\misc</Filter>
    </ClCompile>
    <ClCompile Include="..\src\in-binary.cc">
      <Filter>Source Files\output</Filter>
    </ClCompile>
    <ClCompile Include="..\src\in-filter.cc">
      <Filter>Source Files\output</Filter>
    </ClCompile>
    <ClCompile Include="..\src\in-report.cc">
      <Filter>Source Files\output</Filter>
    </ClCompile>
    <ClCompile Include="..\src\out-binary.cc">
      <Filter>Source Files\output</Filter>
    </ClCompile>
    <ClCompile Include="..\src\out-certs.cc">
      <Filter>Source Files\output</Filter>
    </ClCompile>
    <ClCompile Include="..\src\out-grepable.cc">
      <Filter>Source Files\output</Filter>
    </ClCompile>
    <ClCompile Include="..\src\out-json.cc">
      <Filter>Source Files\output</Filter>
    </ClCompile>
    <ClCompile Include="..\src\out-ndjson.cc">
      <Filter>Source Files\output</Filter>
    </ClCompile>
    <ClCompile Include="..\src\out-null.cc">
      <Filter>Source Files\output</Filter>
    </ClCompile>
    <ClCompile Include="..\src\output.cc">
      <Filter>Source Files\output</Filter>
    </ClCompile>
    <ClCompile Include="..\src\out-redis.cc">
      <Filter>Source Files\output</Filter>
    </ClCompile>
    <ClCompile Include="..\src\out-text.cc">
      <Filter>Source Files\output</Filter>
    </ClCompile>
    <ClCompile Include="..\src\out-unicornscan.cc">
      <Filter>Source Files\output</Filter>
    </ClCompile>
    <ClCompile Include="..\src\out-xml.cc">
      <Filter>Source Files\output</Filter>
    </ClCompile>
    <ClCompile Include="..\src\pixie-backtrace.cc">
      <Filter>Source Files\pixie</Filter>
    </ClCompile>
    <ClCompile Include="..\src\pixie-file.cc">
      <Filter>Source Files\pixie</Filter>
    </ClCompile>
    <ClCompile Include="..\src\pixie-threads.cc">
      <Filter>Source Files\pixie</Filter>
    </ClCompile>
    <ClCompile Include="..\src\pixie-timer.cc">
      <Filter>Source Files\pixie</Filter>
    </ClCompile>
    <ClCompile Include="..\src\proto-arp.cc">
      <Filter>Source Files\proto</Filter>
    </ClCompile>
    <ClCompile Include="..\src\proto-banner1.cc">
      <Filter>Source Files\proto</Filter>
    </ClCompile>
    <ClCompile Include="..\src\proto-banout.cc">
      <Filter>Source Files\proto</Filter>
    </ClCompile>
    <ClCompile Include="..\src\proto-dns.cc">
      <Filter>Source Files\proto</Filter>
    </ClCompile>
    <ClCompile Include="..\src\proto-ftp.cc">
      <Filter>Source Files\proto</Filter>
    </ClCompile>
    <ClCompile Include="..\src\proto-http.cc">
      <Filter>Source Files\proto</Filter>
    </ClCompile>
    <ClCompile Include="..\src\proto-icmp.cc">
      <Filter>Source Files\proto</Filter>
    </ClCompile>
    <ClCompile Include="..\src\proto-imap4.cc">
      <Filter>Source Files\proto</Filter>
    </ClCompile>
    <ClCompile Include="..\src\proto-interactive.cc">
      <Filter>Source Files\proto</Filter>
    </ClCompile>
    <ClCompile Include="..\src\proto-memcached.cc">
      <Filter>Source Files\proto</Filter>
    </ClCompile>
    <ClCompile Include="..\src\proto-netbios.cc">
      <Filter>Source Files\proto</Filter>
    </ClCompile>
    <ClCompile Include="..\src\proto-ntp.cc">
      <Filter>Source Files\proto</Filter>
    </ClCompile>
    <ClCompile Include="..\src\proto-pop3.cc">
      <Filter>Source Files\proto</Filter>
    </ClCompile>
    <ClCompile Include="..\src\proto-preprocess.cc">
      <Filter>Source Files\proto</Filter>
    </ClCompile>
    <ClCompile Include="..\src\proto-sctp.cc">
      <Filter>Source Files\proto</Filter>
    </ClCompile>
    <ClCompile Include="..\src\proto-smtp.cc">
      <Filter>Source Files\proto</Filter>
    </ClCompile>
    <ClCompile Include="..\src\proto-snmp.cc">
      <Filter>Source Files\proto</Filter>
    </ClCompile>
    <ClCompile Include="..\src\proto-ssh.cc">
      <Filter>Source Files\proto</Filter>
    </ClCompile>
    <ClCompile Include="..\src\proto-ssl.cc">
      <Filter>Source Files\proto</Filter>
    </ClCompile>
    <ClCompile Include="..\src\proto-ssl-test.cc">
      <Filter>Source Files\proto</Filter>
    </ClCompile>
    <ClCompile Include="..\src\proto-tcp.cc">
      <Filter>Source Files\proto</Filter>
    </ClCompile>
    <ClCompile Include="..\src\proto-tcp-telnet.cc">
      <Filter>Source Files\proto</Filter>
    </ClCompile>
    <ClCompile Include="..\src\proto-udp.cc">
      <Filter>Source Files\proto</Filter>
    </ClCompile>
    <ClCompile Include="..\src\proto-vnc.cc">
      <Filter>Source Files\proto</Filter>
    </ClCompile>
    <ClCompile Include="..\src\proto-x509.cc">
      <Filter>Source Files\proto</Filter>
    </ClCompile>
    <ClCompile Include="..\src\proto-zeroaccess.cc">
      <Filter>Source Files\proto</Filter>
    </ClCompile>
    <ClCompile Include="..\src\smack1.cc">
      <Filter>Source Files\proto</Filter>
    </ClCompile>
    <ClCompile Include="..\src\smackqueue.cc">
      <Filter>Source Files\proto</Filter>
    </ClCompile>
    <ClCompile Include="..\src\templ-payloads.cc">
      <Filter>Source Files\proto</Filter>
    </ClCompile>
    <ClCompile Include="..\src\templ-pkt.cc">
      <Filter>Source Files\proto</Filter>
    </ClCompile>
    <ClCompile Include="..\src\rawsock.cc">
      <Filter>Source Files\rawsock</Filter>
    </ClCompile>
    <ClCompile Include="..\src\rawsock-arp.cc">
      <Filter>Source Files\rawsock</Filter>
    </ClCompile>
    <ClCompile Include="..\src\rawsock-getif.cc">
      <Filter>Source Files\rawsock</Filter>
    </ClCompile>
    <ClCompile Include="..\src\rawsock-getip.cc">
      <Filter>Source Files\rawsock</Filter>
    </ClCompile>
    <ClCompile Include="..\src\rawsock-getmac.cc">
      <Filter>Source Files\rawsock</Filter>
    </ClCompile>
    <ClCompile Include="..\src\rawsock-getroute.cc">
      <Filter>Source Files\rawsock</Filter>
    </ClCompile>
    <ClCompile Include="..\src\rawsock-pcap.cc">
      <Filter>Source Files\rawsock</Filter>
    </ClCompile>
    <ClCompile Include="..\src\rawsock-pcapfile.cc">
      <Filter>Source Files\rawsock</Filter>
    </ClCompile>
    <ClCompile Include="..\src\rawsock-pfring.cc">
      <Filter>Source Files\rawsock</Filter>
    </ClCompile>
    <ClCompile Include="..\src\script.cc">
      <Filter>Source Files\scripts</Filter>
    </ClCompile>
    <ClCompile Include="..\src\script-heartbleed.cc">
      <Filter>Source Files\scripts</Filter>
    </ClCompile>
    <ClCompile Include="..\src\script-ntp-monlist.cc">
      <Filter>Source Files\scripts</Filter>
    </ClCompile>
    <ClCompile Include="..\src\script-sslv3.cc">
      <Filter>Source Files\scripts</Filter>
    </ClCompile>
  </ItemGroup>
  <ItemGroup>
    <ClInclude Include="..\src\proto-arp.h">
      <Filter>Source Files\proto</Filter>
    </ClInclude>
    <ClInclude Include="..\src\proto-udp.h">
      <Filter>Source Files\proto</Filter>
    </ClInclude>
    <ClInclude Include="..\src\proto-banner1.h">
      <Filter>Source Files\proto</Filter>
    </ClInclude>
    <ClInclude Include="..\src\proto-dns.h">
      <Filter>Source Files\proto</Filter>
    </ClInclude>
    <ClInclude Include="..\src\proto-http.h">
      <Filter>Source Files\proto</Filter>
    </ClInclude>
    <ClInclude Include="..\src\proto-icmp.h">
      <Filter>Source Files\proto</Filter>
    </ClInclude>
    <ClInclude Include="..\src\proto-preprocess.h">
      <Filter>Source Files\proto</Filter>
    </ClInclude>
    <ClInclude Include="..\src\proto-snmp.h">
      <Filter>Source Files\proto</Filter>
    </ClInclude>
    <ClInclude Include="..\src\proto-ssh.h">
      <Filter>Source Files\proto</Filter>
    </ClInclude>
    <ClInclude Include="..\src\proto-tcp.h">
      <Filter>Source Files\proto</Filter>
    </ClInclude>
    <ClInclude Include="..\src\proto-netbios.h">
      <Filter>Source Files\proto</Filter>
    </ClInclude>
    <ClInclude Include="..\src\proto-dns-parse.h">
      <Filter>Source Files\proto</Filter>
    </ClInclude>
    <ClInclude Include="..\src\templ-pkt.h">
      <Filter>Source Files\proto</Filter>
    </ClInclude>
    <ClInclude Include="..\src\templ-payloads.h">
      <Filter>Source Files\proto</Filter>
    </ClInclude>
    <ClInclude Include="..\src\output.h">
      <Filter>Source Files\output</Filter>
    </ClInclude>
    <ClInclude Include="..\src\out-record.h">
      <Filter>Source Files\output</Filter>
    </ClInclude>
    <ClInclude Include="..\src\rawsock.h">
      <Filter>Source Files\rawsock</Filter>
    </ClInclude>
    <ClInclude Include="..\src\rawsock-pcapfile.h">
      <Filter>Source Files\rawsock</Filter>
    </ClInclude>
    <ClInclude Include="..\src\rawsock-pfring.h">
      <Filter>Source Files\rawsock</Filter>
    </ClInclude>
    <ClInclude Include="..\src\xring.h">
      <Filter>Source Files\misc</Filter>
    </ClInclude>
    <ClInclude Include="..\src\event-timeout.h">
      <Filter>Source Files\misc</Filter>
    </ClInclude>
    <ClInclude Include="..\src\logger.h">
      <Filter>Source Files\misc</Filter>
    </ClInclude>
    <ClInclude Include="..\src\main-dedup.h">
      <Filter>Source Files\misc</Filter>
    </ClInclude>
    <ClInclude Include="..\src\main-ptrace.h">
      <Filter>Source Files\misc</Filter>
    </ClInclude>
    <ClInclude Include="..\src\main-throttle.h">
      <Filter>Source Files\misc</Filter>
    </ClInclude>
    <ClInclude Include="..\src\packet-queue.h">
      <Filter>Source Files\misc</Filter>
    </ClInclude>
    <ClInclude Include="..\src\rte-ring.h">
      <Filter>Source Files\misc</Filter>
    </ClInclude>
    <ClInclude Include="..\src\string_s.h">
      <Filter>Source Files\misc</Filter>
    </ClInclude>
    <ClInclude Include="..\src\proto-ssl.h">
      <Filter>Source Files\proto</Filter>
    </ClInclude>
    <ClInclude Include="..\src\masscan.h">
      <Filter>Source Files</Filter>
    </ClInclude>
    <ClInclude Include="..\src\main-src.h">
      <Filter>Source Files\misc</Filter>
    </ClInclude>
    <ClInclude Include="..\src\rand-primegen.h">
      <Filter>Source Files\crypto</Filter>
    </ClInclude>
    <ClInclude Include="..\src\rand-blackrock.h">
      <Filter>Source Files\crypto</Filter>
    </ClInclude>
    <ClInclude Include="..\src\rand-lcg.h">
      <Filter>Source Files\crypto</Filter>
    </ClInclude>
    <ClInclude Include="..\src\ranges.h">
      <Filter>Source Files\crypto</Filter>
    </ClInclude>
    <ClInclude Include="..\src\smack.h">
      <Filter>Source Files\proto</Filter>
    </ClInclude>
    <ClInclude Include="..\src\smackqueue.h">
      <Filter>Source Files\proto</Filter>
    </ClInclude>
    <ClInclude Include="..\src\syn-cookie.h">
      <Filter>Source Files\crypto</Filter>
    </ClInclude>
    <ClInclude Include="..\src\siphash24.h">
      <Filter>Source Files\crypto</Filter>
    </ClInclude>
    <ClInclude Include="..\src\in-binary.h">
      <Filter>Source Files\output</Filter>
    </ClInclude>
    <ClInclude Include="..\src\main-globals.h">
      <Filter>Source Files</Filter>
    </ClInclude>
    <ClInclude Include="..\src\masscan-app.h">
      <Filter>Source Files\misc</Filter>
    </ClInclude>
    <ClInclude Include="..\src\proto-zeroaccess.h">
      <Filter>Source Files\proto</Filter>
    </ClInclude>
    <ClInclude Include="..\src\proto-banout.h">
      <Filter>Source Files\proto</Filter>
    </ClInclude>
    <ClInclude Include="..\src\proto-x509.h">
      <Filter>Source Files\proto</Filter>
    </ClInclude>
    <ClInclude Include="..\src\crypto-base64.h">
      <Filter>Source Files\crypto</Filter>
    </ClInclude>
    <ClInclude Include="..\src\pixie-timer.h">
      <Filter>Source Files\pixie</Filter>
    </ClInclude>
    <ClInclude Include="..\src\pixie-backtrace.h">
      <Filter>Source Files\pixie</Filter>
    </ClInclude>
    <ClInclude Include="..\src\pixie-file.h">
      <Filter>Source Files\pixie</Filter>
    </ClInclude>
    <ClInclude Include="..\src\pixie-sockets.h">
      <Filter>Source Files\pixie</Filter>
    </ClInclude>
    <ClInclude Include="..\src\pixie-threads.h">
      <Filter>Source Files\pixie</Filter>
    </ClInclude>
    <ClInclude Include="..\src\proto-tcp-telnet.h">
      <Filter>Source Files\proto</Filter>
    </ClInclude>
    <ClInclude Include="..\src\proto-sctp.h">
      <Filter>Source Files\proto</Filter>
    </ClInclude>
    <ClInclude Include="..\src\masscan-version.h">
      <Filter>Source Files</Filter>
    </ClInclude>
    <ClInclude Include="..\src\script.h">
      <Filter>Source Files\scripts</Filter>
    </ClInclude>
    <ClInclude Include="..\src\proto-ntp.h">
      <Filter>Source Files\proto</Filter>
    </ClInclude>
    <ClInclude Include="..\src\main-status.h">
      <Filter>Source Files\misc</Filter>
    </ClInclude>
    <ClInclude Include="..\src\main-readrange.h">
      <Filter>Source Files</Filter>
    </ClInclude>
    <ClInclude Include="..\src\proto-interactive.h">
      <Filter>Source Files\proto</Filter>
    </ClInclude>
    <ClInclude Include="..\src\proto-ftp.h">
      <Filter>Source Files\proto</Filter>
    </ClInclude>
    <ClInclude Include="..\src\proto-imap4.h">
      <Filter>Source Files\proto</Filter>
    </ClInclude>
    <ClInclude Include="..\src\proto-pop3.h">
      <Filter>Source Files\proto</Filter>
    </ClInclude>
    <ClInclude Include="..\src\proto-smtp.h">
      <Filter>Source Files\proto</Filter>
    </ClInclude>
    <ClInclude Include="..\src\proto-vnc.h">
      <Filter>Source Files\proto</Filter>
    </ClInclude>
    <ClInclude Include="..\src\in-filter.h">
      <Filter>Source Files\output</Filter>
    </ClInclude>
    <ClInclude Include="..\src\in-report.h">
      <Filter>Source Files\output</Filter>
    </ClInclude>
    <ClInclude Include="..\src\rawsock-pcap.h">
      <Filter>Source Files\rawsock</Filter>
    </ClInclude>
    <ClInclude Include="..\src\proto-memcached.h">
      <Filter>Source Files\proto</Filter>
    </ClInclude>
    <ClInclude Include="..\..\SourceCommon\DecodeCommandString.h">
      <Filter>Source Files\CommonSource</Filter>
    </ClInclude>
    <ClInclude Include="..\..\SourceCommon\LibMasScan.h">
      <Filter>Source Files\CommonSource</Filter>
    </ClInclude>
    <ClInclude Include="..\..\SourceCommon\SelenaMessage.h">
      <Filter>Source Files\CommonSource</Filter>
    </ClInclude>
  </ItemGroup>
  <ItemGroup>
    <None Include="..\README.md" />
    <None Include="..\LICENSE">
      <Filter>Resource Files</Filter>
    </None>
    <None Include="..\Makefile">
      <Filter>Resource Files</Filter>
    </None>
    <None Include="..\doc\masscan.8.markdown">
      <Filter>Resource Files</Filter>
    </None>
    <None Include="..\VULNINFO.md">
      <Filter>Resource Files</Filter>
    </None>
  </ItemGroup>
</Project>